
Microsoft Visual Studio Solution File, Format Version 12.00
# Visual Studio Version 16
VisualStudioVersion = 16.0.31019.35
MinimumVisualStudioVersion = 10.0.40219.1
Project("{FAE04EC0-301F-11D3-BF4B-00C04F79EFBC}") = "DataAccess", "DataAccess\DataAccess.csproj", "{0E80DA42-4F59-4E52-B419-24D2476C1580}"
EndProject
Project("{FAE04EC0-301F-11D3-BF4B-00C04F79EFBC}") = "Business", "Business\Business.csproj", "{D15A7486-E35F-4B1F-9FCB-54BB8573FE40}"
EndProject
Project("{FAE04EC0-301F-11D3-BF4B-00C04F79EFBC}") = "Entities", "Entities\Entities.csproj", "{E3EBB38E-9630-41BE-91D2-66CF9F39869F}"
EndProject
Project("{FAE04EC0-301F-11D3-BF4B-00C04F79EFBC}") = "ConsoleUI", "ConsoleUI\ConsoleUI.csproj", "{64727245-4049-45B0-8C5C-FBD88F8A3415}"
EndProject
Global
	GlobalSection(SolutionConfigurationPlatforms) = preSolution
		Debug|Any CPU = Debug|Any CPU
		Release|Any CPU = Release|Any CPU
	EndGlobalSection
	GlobalSection(ProjectConfigurationPlatforms) = postSolution
		{0E80DA42-4F59-4E52-B419-24D2476C1580}.Debug|Any CPU.ActiveCfg = Debug|Any CPU
		{0E80DA42-4F59-4E52-B419-24D2476C1580}.Debug|Any CPU.Build.0 = Debug|Any CPU
		{0E80DA42-4F59-4E52-B419-24D2476C1580}.Release|Any CPU.ActiveCfg = Release|Any CPU
		{0E80DA42-4F59-4E52-B419-24D2476C1580}.Release|Any CPU.Build.0 = Release|Any CPU
		{D15A7486-E35F-4B1F-9FCB-54BB8573FE40}.Debug|Any CPU.ActiveCfg = Debug|Any CPU
		{D15A7486-E35F-4B1F-9FCB-54BB8573FE40}.Debug|Any CPU.Build.0 = Debug|Any CPU
		{D15A7486-E35F-4B1F-9FCB-54BB8573FE40}.Release|Any CPU.ActiveCfg = Release|Any CPU
		{D15A7486-E35F-4B1F-9FCB-54BB8573FE40}.Release|Any CPU.Build.0 = Release|Any CPU
		{E3EBB38E-9630-41BE-91D2-66CF9F39869F}.Debug|Any CPU.ActiveCfg = Debug|Any CPU
		{E3EBB38E-9630-41BE-91D2-66CF9F39869F}.Debug|Any CPU.Build.0 = Debug|Any CPU
		{E3EBB38E-9630-41BE-91D2-66CF9F39869F}.Release|Any CPU.ActiveCfg = Release|Any CPU
		{E3EBB38E-9630-41BE-91D2-66CF9F39869F}.Release|Any CPU.Build.0 = Release|Any CPU
		{64727245-4049-45B0-8C5C-FBD88F8A3415}.Debug|Any CPU.ActiveCfg = Debug|Any CPU
		{64727245-4049-45B0-8C5C-FBD88F8A3415}.Debug|Any CPU.Build.0 = Debug|Any CPU
		{64727245-4049-45B0-8C5C-FBD88F8A3415}.Release|Any CPU.ActiveCfg = Release|Any CPU
		{64727245-4049-45B0-8C5C-FBD88F8A3415}.Release|Any CPU.Build.0 = Release|Any CPU
	EndGlobalSection
	GlobalSection(SolutionProperties) = preSolution
		HideSolutionNode = FALSE
	EndGlobalSection
	GlobalSection(ExtensibilityGlobals) = postSolution
		SolutionGuid = {3F64B9F4-BA53-4259-8963-6E95CC204AD4}
	EndGlobalSection
EndGlobal
